
Microsoft Visual Studio Solution File, Format Version 12.00
# Visual Studio Version 16
VisualStudioVersion = 25.0.1706.4
MinimumVisualStudioVersion = 10.0.40219.1
Project("{FAE04EC0-301F-11D3-BF4B-00C04F79EFBC}") = "Fall2023-Assignment2-radurbin", "Fall2023-Assignment2-radurbin.csproj", "{593004EF-D543-4DF9-ACA3-8B066972D66F}"
EndProject
Global
	GlobalSection(SolutionConfigurationPlatforms) = preSolution
		Debug|Any CPU = Debug|Any CPU
		Release|Any CPU = Release|Any CPU
	EndGlobalSection
	GlobalSection(ProjectConfigurationPlatforms) = postSolution
		{593004EF-D543-4DF9-ACA3-8B066972D66F}.Debug|Any CPU.ActiveCfg = Debug|Any CPU
		{593004EF-D543-4DF9-ACA3-8B066972D66F}.Debug|Any CPU.Build.0 = Debug|Any CPU
		{593004EF-D543-4DF9-ACA3-8B066972D66F}.Release|Any CPU.ActiveCfg = Release|Any CPU
		{593004EF-D543-4DF9-ACA3-8B066972D66F}.Release|Any CPU.Build.0 = Release|Any CPU
	EndGlobalSection
	GlobalSection(SolutionProperties) = preSolution
		HideSolutionNode = FALSE
	EndGlobalSection
	GlobalSection(ExtensibilityGlobals) = postSolution
		SolutionGuid = {7C8974C3-E30F-4E08-938D-893B5FAC8809}
	EndGlobalSection
EndGlobal
